
Microsoft Visual Studio Solution File, Format Version 12.00
# Visual Studio 15
VisualStudioVersion = 15.0.28307.1340
MinimumVisualStudioVersion = 10.0.40219.1
Project("{FAE04EC0-301F-11D3-BF4B-00C04F79EFBC}") = "Dog", "Dog.csproj", "{D0305509-B25C-435F-9E20-539ECCCFD1B4}"
EndProject
Global
	GlobalSection(SolutionConfigurationPlatforms) = preSolution
		Debug|Any CPU = Debug|Any CPU
		Release|Any CPU = Release|Any CPU
	EndGlobalSection
	GlobalSection(ProjectConfigurationPlatforms) = postSolution
		{D0305509-B25C-435F-9E20-539ECCCFD1B4}.Debug|Any CPU.ActiveCfg = Debug|Any CPU
		{D0305509-B25C-435F-9E20-539ECCCFD1B4}.Debug|Any CPU.Build.0 = Debug|Any CPU
		{D0305509-B25C-435F-9E20-539ECCCFD1B4}.Release|Any CPU.ActiveCfg = Release|Any CPU
		{D0305509-B25C-435F-9E20-539ECCCFD1B4}.Release|Any CPU.Build.0 = Release|Any CPU
	EndGlobalSection
	GlobalSection(SolutionProperties) = preSolution
		HideSolutionNode = FALSE
	EndGlobalSection
	GlobalSection(ExtensibilityGlobals) = postSolution
		SolutionGuid = {A823AA2D-8DF9-4E66-B92F-401C11B4733A}
	EndGlobalSection
EndGlobal
